
Microsoft Visual Studio Solution File, Format Version 12.00
Project("{FAE04EC0-301F-11D3-BF4B-00C04F79EFBC}") = "PN.API", "PN.API\PN.API.csproj", "{8FFEAB30-7BC5-4989-AE6B-D858192A13AF}"
EndProject
Project("{FAE04EC0-301F-11D3-BF4B-00C04F79EFBC}") = "PN.Domain", "PN.Domain\PN.Domain.csproj", "{1A5BB74B-0F43-498D-93EA-A49B1ADCCF97}"
EndProject
Project("{FAE04EC0-301F-11D3-BF4B-00C04F79EFBC}") = "PN.Infrastructure", "PN.Infrastructure\PN.Infrastructure.csproj", "{72504FCF-AF55-4F36-A8B1-1C9420E55CF7}"
EndProject
Global
	GlobalSection(SolutionConfigurationPlatforms) = preSolution
		Debug|Any CPU = Debug|Any CPU
		Release|Any CPU = Release|Any CPU
	EndGlobalSection
	GlobalSection(ProjectConfigurationPlatforms) = postSolution
		{8FFEAB30-7BC5-4989-AE6B-D858192A13AF}.Debug|Any CPU.ActiveCfg = Debug|Any CPU
		{8FFEAB30-7BC5-4989-AE6B-D858192A13AF}.Debug|Any CPU.Build.0 = Debug|Any CPU
		{8FFEAB30-7BC5-4989-AE6B-D858192A13AF}.Release|Any CPU.ActiveCfg = Release|Any CPU
		{8FFEAB30-7BC5-4989-AE6B-D858192A13AF}.Release|Any CPU.Build.0 = Release|Any CPU
		{1A5BB74B-0F43-498D-93EA-A49B1ADCCF97}.Debug|Any CPU.ActiveCfg = Debug|Any CPU
		{1A5BB74B-0F43-498D-93EA-A49B1ADCCF97}.Debug|Any CPU.Build.0 = Debug|Any CPU
		{1A5BB74B-0F43-498D-93EA-A49B1ADCCF97}.Release|Any CPU.ActiveCfg = Release|Any CPU
		{1A5BB74B-0F43-498D-93EA-A49B1ADCCF97}.Release|Any CPU.Build.0 = Release|Any CPU
		{72504FCF-AF55-4F36-A8B1-1C9420E55CF7}.Debug|Any CPU.ActiveCfg = Debug|Any CPU
		{72504FCF-AF55-4F36-A8B1-1C9420E55CF7}.Debug|Any CPU.Build.0 = Debug|Any CPU
		{72504FCF-AF55-4F36-A8B1-1C9420E55CF7}.Release|Any CPU.ActiveCfg = Release|Any CPU
		{72504FCF-AF55-4F36-A8B1-1C9420E55CF7}.Release|Any CPU.Build.0 = Release|Any CPU
	EndGlobalSection
EndGlobal
